
Microsoft Visual Studio Solution File, Format Version 12.00
# Visual Studio Version 17
VisualStudioVersion = 17.10.35122.118
MinimumVisualStudioVersion = 10.0.40219.1
Project("{FAE04EC0-301F-11D3-BF4B-00C04F79EFBC}") = "Assignments", "Assignments\Assignments.csproj", "{DC009706-803F-4A24-83CC-647DFE8E8844}"
EndProject
Global
	GlobalSection(SolutionConfigurationPlatforms) = preSolution
		Debug|Any CPU = Debug|Any CPU
		Release|Any CPU = Release|Any CPU
	EndGlobalSection
	GlobalSection(ProjectConfigurationPlatforms) = postSolution
		{DC009706-803F-4A24-83CC-647DFE8E8844}.Debug|Any CPU.ActiveCfg = Debug|Any CPU
		{DC009706-803F-4A24-83CC-647DFE8E8844}.Debug|Any CPU.Build.0 = Debug|Any CPU
		{DC009706-803F-4A24-83CC-647DFE8E8844}.Release|Any CPU.ActiveCfg = Release|Any CPU
		{DC009706-803F-4A24-83CC-647DFE8E8844}.Release|Any CPU.Build.0 = Release|Any CPU
	EndGlobalSection
	GlobalSection(SolutionProperties) = preSolution
		HideSolutionNode = FALSE
	EndGlobalSection
	GlobalSection(ExtensibilityGlobals) = postSolution
		SolutionGuid = {F822C814-7FC3-46BE-A46D-AA92C132D107}
	EndGlobalSection
EndGlobal
